
Microsoft Visual Studio Solution File, Format Version 12.00
# Visual Studio 2012
Project("{FAE04EC0-301F-11D3-BF4B-00C04F79EFBC}") = "Zone.UmbracoMapper", "Zone.UmbracoMapper\Zone.UmbracoMapper.csproj", "{55B0188A-097C-4767-A297-28AE036AED7F}"
EndProject
Project("{FAE04EC0-301F-11D3-BF4B-00C04F79EFBC}") = "Zone.UmbracoMapper.Tests", "Zone.UmbracoMapper.Tests\Zone.UmbracoMapper.Tests.csproj", "{2DF8D5AD-96E1-4FF5-AFFF-58E9301AE4F1}"
EndProject
Global
	GlobalSection(SolutionConfigurationPlatforms) = preSolution
		Debug|Any CPU = Debug|Any CPU
		Release|Any CPU = Release|Any CPU
	EndGlobalSection
	GlobalSection(ProjectConfigurationPlatforms) = postSolution
		{55B0188A-097C-4767-A297-28AE036AED7F}.Debug|Any CPU.ActiveCfg = Debug|Any CPU
		{55B0188A-097C-4767-A297-28AE036AED7F}.Debug|Any CPU.Build.0 = Debug|Any CPU
		{55B0188A-097C-4767-A297-28AE036AED7F}.Release|Any CPU.ActiveCfg = Release|Any CPU
		{55B0188A-097C-4767-A297-28AE036AED7F}.Release|Any CPU.Build.0 = Release|Any CPU
		{2DF8D5AD-96E1-4FF5-AFFF-58E9301AE4F1}.Debug|Any CPU.ActiveCfg = Debug|Any CPU
		{2DF8D5AD-96E1-4FF5-AFFF-58E9301AE4F1}.Debug|Any CPU.Build.0 = Debug|Any CPU
		{2DF8D5AD-96E1-4FF5-AFFF-58E9301AE4F1}.Release|Any CPU.ActiveCfg = Release|Any CPU
		{2DF8D5AD-96E1-4FF5-AFFF-58E9301AE4F1}.Release|Any CPU.Build.0 = Release|Any CPU
	EndGlobalSection
	GlobalSection(SolutionProperties) = preSolution
		HideSolutionNode = FALSE
	EndGlobalSection
EndGlobal
